
Microsoft Visual Studio Solution File, Format Version 12.00
# Visual Studio 15
VisualStudioVersion = 15.0.27428.1
MinimumVisualStudioVersion = 10.0.40219.1
Project("{FAE04EC0-301F-11D3-BF4B-00C04F79EFBC}") = "CurvesMath", "CurvesMath\CurvesMath.csproj", "{EB57A59F-7959-4352-8E75-7F2A1648F5FD}"
EndProject
Project("{FAE04EC0-301F-11D3-BF4B-00C04F79EFBC}") = "CurvesWPF", "CurvesWPF\CurvesWPF.csproj", "{57F9CE61-DA83-4822-B3E7-E36CD6673424}"
EndProject
Project("{FAE04EC0-301F-11D3-BF4B-00C04F79EFBC}") = "CurvesWinForms", "CurvesWinForms\CurvesWinForms.csproj", "{3D8F2179-DAD7-4206-8D63-ADD1FB0F1898}"
EndProject
Global
	GlobalSection(SolutionConfigurationPlatforms) = preSolution
		Debug|Any CPU = Debug|Any CPU
		Release|Any CPU = Release|Any CPU
	EndGlobalSection
	GlobalSection(ProjectConfigurationPlatforms) = postSolution
		{EB57A59F-7959-4352-8E75-7F2A1648F5FD}.Debug|Any CPU.ActiveCfg = Debug|Any CPU
		{EB57A59F-7959-4352-8E75-7F2A1648F5FD}.Debug|Any CPU.Build.0 = Debug|Any CPU
		{EB57A59F-7959-4352-8E75-7F2A1648F5FD}.Release|Any CPU.ActiveCfg = Release|Any CPU
		{EB57A59F-7959-4352-8E75-7F2A1648F5FD}.Release|Any CPU.Build.0 = Release|Any CPU
		{57F9CE61-DA83-4822-B3E7-E36CD6673424}.Debug|Any CPU.ActiveCfg = Debug|Any CPU
		{57F9CE61-DA83-4822-B3E7-E36CD6673424}.Debug|Any CPU.Build.0 = Debug|Any CPU
		{57F9CE61-DA83-4822-B3E7-E36CD6673424}.Release|Any CPU.ActiveCfg = Release|Any CPU
		{57F9CE61-DA83-4822-B3E7-E36CD6673424}.Release|Any CPU.Build.0 = Release|Any CPU
		{3D8F2179-DAD7-4206-8D63-ADD1FB0F1898}.Debug|Any CPU.ActiveCfg = Debug|Any CPU
		{3D8F2179-DAD7-4206-8D63-ADD1FB0F1898}.Debug|Any CPU.Build.0 = Debug|Any CPU
		{3D8F2179-DAD7-4206-8D63-ADD1FB0F1898}.Release|Any CPU.ActiveCfg = Release|Any CPU
		{3D8F2179-DAD7-4206-8D63-ADD1FB0F1898}.Release|Any CPU.Build.0 = Release|Any CPU
	EndGlobalSection
	GlobalSection(SolutionProperties) = preSolution
		HideSolutionNode = FALSE
	EndGlobalSection
	GlobalSection(ExtensibilityGlobals) = postSolution
		SolutionGuid = {4A122E0A-6278-45BC-8C0D-D8AC5E255C3F}
	EndGlobalSection
EndGlobal
